{
  "version": 4,
  "terraform_version": "1.5.6",
  "serial": 29,
  "lineage": "1c1275b8-375a-8128-f129-36273f343502",
  "outputs": {
    "network": {
      "value": {
        "network": {
          "auto_create_subnetworks": false,
          "delete_default_routes_on_create": false,
          "description": "",
          "enable_ula_internal_ipv6": false,
          "gateway_ipv4": "",
          "id": "projects/black-resource-412612/global/networks/terraform-study",
          "internal_ipv6_range": "",
          "mtu": 0,
          "name": "terraform-study",
          "network_firewall_policy_enforcement_order": "AFTER_CLASSIC_FIREWALL",
          "numeric_id": "837801483819670448",
          "project": "black-resource-412612",
          "routing_mode": "GLOBAL",
          "self_link": "https://www.googleapis.com/compute/v1/projects/black-resource-412612/global/networks/terraform-study",
          "timeouts": null
        },
        "network_id": "projects/black-resource-412612/global/networks/terraform-study",
        "network_name": "terraform-study",
        "network_self_link": "https://www.googleapis.com/compute/v1/projects/black-resource-412612/global/networks/terraform-study",
        "project_id": "black-resource-412612"
      },
      "type": [
        "object",
        {
          "network": [
            "object",
            {
              "auto_create_subnetworks": "bool",
              "delete_default_routes_on_create": "bool",
              "description": "string",
              "enable_ula_internal_ipv6": "bool",
              "gateway_ipv4": "string",
              "id": "string",
              "internal_ipv6_range": "string",
              "mtu": "number",
              "name": "string",
              "network_firewall_policy_enforcement_order": "string",
              "numeric_id": "string",
              "project": "string",
              "routing_mode": "string",
              "self_link": "string",
              "timeouts": [
                "object",
                {
                  "create": "string",
                  "delete": "string",
                  "update": "string"
                }
              ]
            }
          ],
          "network_id": "string",
          "network_name": "string",
          "network_self_link": "string",
          "project_id": "string"
        }
      ]
    },
    "network_name": {
      "value": "terraform-study",
      "type": "string"
    },
    "project_id": {
      "value": "black-resource-412612",
      "type": "string"
    }
  },
  "resources": [
    {
      "module": "module.vpc",
      "mode": "managed",
      "type": "google_compute_network",
      "name": "network",
      "provider": "provider[\"registry.terraform.io/hashicorp/google\"]",
      "instances": [
        {
          "schema_version": 0,
          "attributes": {
            "auto_create_subnetworks": false,
            "delete_default_routes_on_create": false,
            "description": "",
            "enable_ula_internal_ipv6": false,
            "gateway_ipv4": "",
            "id": "projects/black-resource-412612/global/networks/terraform-study",
            "internal_ipv6_range": "",
            "mtu": 0,
            "name": "terraform-study",
            "network_firewall_policy_enforcement_order": "AFTER_CLASSIC_FIREWALL",
            "numeric_id": "837801483819670448",
            "project": "black-resource-412612",
            "routing_mode": "GLOBAL",
            "self_link": "https://www.googleapis.com/compute/v1/projects/black-resource-412612/global/networks/terraform-study",
            "timeouts": null
          },
          "sensitive_attributes": [],
          "private": "eyJlMmJmYjczMC1lY2FhLTExZTYtOGY4OC0zNDM2M2JjN2M0YzAiOnsiY3JlYXRlIjoxMjAwMDAwMDAwMDAwLCJkZWxldGUiOjEyMDAwMDAwMDAwMDAsInVwZGF0ZSI6MTIwMDAwMDAwMDAwMH19"
        }
      ]
    }
  ],
  "check_results": null
}
